// !$*UTF8*$!
{
	archiveVersion = 1;
	classes = {
	};
	objectVersion = 46;
	objects = {

/* Begin PBXBuildFile section */
		DD32D3BA16F1031200E6C5A2 /* SettingsViewController.m in Sources */ = {isa = PBXBuildFile; fileRef = DD32D3B816F1031200E6C5A2 /* SettingsViewController.m */; };
		DD32D3BB16F1031200E6C5A2 /* SettingsViewController.xib in Resources */ = {isa = PBXBuildFile; fileRef = DD32D3B916F1031200E6C5A2 /* SettingsViewController.xib */; };
		DD32D3BF16F1033B00E6C5A2 /* ArmoryViewController.m in Sources */ = {isa = PBXBuildFile; fileRef = DD32D3BD16F1033B00E6C5A2 /* ArmoryViewController.m */; };
		DD32D3C016F1033B00E6C5A2 /* ArmoryViewController.xib in Resources */ = {isa = PBXBuildFile; fileRef = DD32D3BE16F1033B00E6C5A2 /* ArmoryViewController.xib */; };
		DD32D3C416F1036500E6C5A2 /* GamesViewController.m in Sources */ = {isa = PBXBuildFile; fileRef = DD32D3C216F1036400E6C5A2 /* GamesViewController.m */; };
		DD32D3C516F1036500E6C5A2 /* GamesViewController.xib in Resources */ = {isa = PBXBuildFile; fileRef = DD32D3C316F1036400E6C5A2 /* GamesViewController.xib */; };
		DD32D3C916F103A300E6C5A2 /* TargetsViewController.m in Sources */ = {isa = PBXBuildFile; fileRef = DD32D3C716F103A300E6C5A2 /* TargetsViewController.m */; };
		DD32D3CA16F103A300E6C5A2 /* TargetsViewController.xib in Resources */ = {isa = PBXBuildFile; fileRef = DD32D3C816F103A300E6C5A2 /* TargetsViewController.xib */; };
		DD32D3D116F104B000E6C5A2 /* EmptyViewController.m in Sources */ = {isa = PBXBuildFile; fileRef = DD32D3CF16F104B000E6C5A2 /* EmptyViewController.m */; };
		DD32D3D216F104B000E6C5A2 /* EmptyViewController.xib in Resources */ = {isa = PBXBuildFile; fileRef = DD32D3D016F104B000E6C5A2 /* EmptyViewController.xib */; };
		DD32D3E316F167D200E6C5A2 /* TargetCell.m in Sources */ = {isa = PBXBuildFile; fileRef = DD32D3E216F167D200E6C5A2 /* TargetCell.m */; };
		DD4AAF6F16D7C1A000773F58 /* targetReticle.png in Resources */ = {isa = PBXBuildFile; fileRef = DD4AAF6E16D7C1A000773F58 /* targetReticle.png */; };
		DD5166B2166A935500BA9EC8 /* PhotoObject.m in Sources */ = {isa = PBXBuildFile; fileRef = DD5166B1166A935500BA9EC8 /* PhotoObject.m */; };
		DD5166B4166AA24400BA9EC8 /* ImageIO.framework in Frameworks */ = {isa = PBXBuildFile; fileRef = DD5166B3166AA24400BA9EC8 /* ImageIO.framework */; };
		DD5166DB166AA69500BA9EC8 /* MobileCoreServices.framework in Frameworks */ = {isa = PBXBuildFile; fileRef = DD5166DA166AA69500BA9EC8 /* MobileCoreServices.framework */; };
		DD5166DD166AA6B600BA9EC8 /* SystemConfiguration.framework in Frameworks */ = {isa = PBXBuildFile; fileRef = DD5166DC166AA6B600BA9EC8 /* SystemConfiguration.framework */; };
		DD5166EA166ADC1300BA9EC8 /* LogInViewController.m in Sources */ = {isa = PBXBuildFile; fileRef = DD5166E8166ADC1300BA9EC8 /* LogInViewController.m */; };
		DD5166EB166ADC1300BA9EC8 /* LogInViewController.xib in Resources */ = {isa = PBXBuildFile; fileRef = DD5166E9166ADC1300BA9EC8 /* LogInViewController.xib */; };
		DD51670A166B0DA200BA9EC8 /* UIImage+Scale.m in Sources */ = {isa = PBXBuildFile; fileRef = DD516709166B0DA200BA9EC8 /* UIImage+Scale.m */; };
		DD51670D166B0E7300BA9EC8 /* UIImage+Resize.m in Sources */ = {isa = PBXBuildFile; fileRef = DD51670B166B0E7300BA9EC8 /* UIImage+Resize.m */; };
		DD516714166B0EA700BA9EC8 /* UIImage+fixOrientation.m in Sources */ = {isa = PBXBuildFile; fileRef = DD51670F166B0EA600BA9EC8 /* UIImage+fixOrientation.m */; };
		DD516715166B0EA700BA9EC8 /* UIImage+Alpha.m in Sources */ = {isa = PBXBuildFile; fileRef = DD516711166B0EA600BA9EC8 /* UIImage+Alpha.m */; };
		DD516716166B0EA700BA9EC8 /* UIImage+RoundedCorner.m in Sources */ = {isa = PBXBuildFile; fileRef = DD516713166B0EA600BA9EC8 /* UIImage+RoundedCorner.m */; };
		DDBC50DA16687C0500B9AFBF /* UIKit.framework in Frameworks */ = {isa = PBXBuildFile; fileRef = DDBC50D916687C0500B9AFBF /* UIKit.framework */; };
		DDBC50DC16687C0500B9AFBF /* Foundation.framework in Frameworks */ = {isa = PBXBuildFile; fileRef = DDBC50DB16687C0500B9AFBF /* Foundation.framework */; };
		DDBC50DE16687C0500B9AFBF /* CoreGraphics.framework in Frameworks */ = {isa = PBXBuildFile; fileRef = DDBC50DD16687C0500B9AFBF /* CoreGraphics.framework */; };
		DDBC50E416687C0500B9AFBF /* InfoPlist.strings in Resources */ = {isa = PBXBuildFile; fileRef = DDBC50E216687C0500B9AFBF /* InfoPlist.strings */; };
		DDBC50E616687C0500B9AFBF /* main.m in Sources */ = {isa = PBXBuildFile; fileRef = DDBC50E516687C0500B9AFBF /* main.m */; };
		DDBC50EA16687C0500B9AFBF /* AppDelegate.m in Sources */ = {isa = PBXBuildFile; fileRef = DDBC50E916687C0500B9AFBF /* AppDelegate.m */; };
		DDBC50EC16687C0500B9AFBF /* Default.png in Resources */ = {isa = PBXBuildFile; fileRef = DDBC50EB16687C0500B9AFBF /* Default.png */; };
		DDBC50EE16687C0500B9AFBF /* Default@2x.png in Resources */ = {isa = PBXBuildFile; fileRef = DDBC50ED16687C0500B9AFBF /* Default@2x.png */; };
		DDBC50F016687C0500B9AFBF /* Default-568h@2x.png in Resources */ = {isa = PBXBuildFile; fileRef = DDBC50EF16687C0500B9AFBF /* Default-568h@2x.png */; };
		DDBC50FE16687C0600B9AFBF /* SenTestingKit.framework in Frameworks */ = {isa = PBXBuildFile; fileRef = DDBC50FD16687C0600B9AFBF /* SenTestingKit.framework */; };
		DDBC50FF16687C0600B9AFBF /* UIKit.framework in Frameworks */ = {isa = PBXBuildFile; fileRef = DDBC50D916687C0500B9AFBF /* UIKit.framework */; };
		DDBC510016687C0600B9AFBF /* Foundation.framework in Frameworks */ = {isa = PBXBuildFile; fileRef = DDBC50DB16687C0500B9AFBF /* Foundation.framework */; };
		DDBC510816687C0600B9AFBF /* InfoPlist.strings in Resources */ = {isa = PBXBuildFile; fileRef = DDBC510616687C0600B9AFBF /* InfoPlist.strings */; };
		DDBC510B16687C0600B9AFBF /* SniperTests.m in Sources */ = {isa = PBXBuildFile; fileRef = DDBC510A16687C0600B9AFBF /* SniperTests.m */; };
		DDC01B4816F2D1E8005E80AB /* Target.m in Sources */ = {isa = PBXBuildFile; fileRef = DDC01B4716F2D1E8005E80AB /* Target.m */; };
		DDC01B4B16F2D2D7005E80AB /* Game.m in Sources */ = {isa = PBXBuildFile; fileRef = DDC01B4A16F2D2D7005E80AB /* Game.m */; };
		DDC01B4E16F2F49F005E80AB /* Player.m in Sources */ = {isa = PBXBuildFile; fileRef = DDC01B4D16F2F49F005E80AB /* Player.m */; };
		DDC30E3516EDB82600A005B7 /* HorizontalTableView.m in Sources */ = {isa = PBXBuildFile; fileRef = DDC30E3416EDB82600A005B7 /* HorizontalTableView.m */; };
		DDC5D20B166C141A00D39E3E /* MissionViewController.m in Sources */ = {isa = PBXBuildFile; fileRef = DDC5D209166C141A00D39E3E /* MissionViewController.m */; };
		DDC5D20C166C141A00D39E3E /* MissionViewController.xib in Resources */ = {isa = PBXBuildFile; fileRef = DDC5D20A166C141A00D39E3E /* MissionViewController.xib */; };
		DDC5D213166C2DA400D39E3E /* player.png in Resources */ = {isa = PBXBuildFile; fileRef = DDC5D212166C2DA400D39E3E /* player.png */; };
		DDC5D22D166C3F7D00D39E3E /* AFHTTPClient.m in Sources */ = {isa = PBXBuildFile; fileRef = DDC5D21B166C3F7D00D39E3E /* AFHTTPClient.m */; };
		DDC5D22E166C3F7D00D39E3E /* AFHTTPRequestOperation.m in Sources */ = {isa = PBXBuildFile; fileRef = DDC5D21D166C3F7D00D39E3E /* AFHTTPRequestOperation.m */; };
		DDC5D22F166C3F7D00D39E3E /* AFImageRequestOperation.m in Sources */ = {isa = PBXBuildFile; fileRef = DDC5D21F166C3F7D00D39E3E /* AFImageRequestOperation.m */; };
		DDC5D230166C3F7D00D39E3E /* AFJSONRequestOperation.m in Sources */ = {isa = PBXBuildFile; fileRef = DDC5D221166C3F7D00D39E3E /* AFJSONRequestOperation.m */; };
		DDC5D231166C3F7D00D39E3E /* AFNetworkActivityIndicatorManager.m in Sources */ = {isa = PBXBuildFile; fileRef = DDC5D223166C3F7D00D39E3E /* AFNetworkActivityIndicatorManager.m */; };
		DDC5D232166C3F7D00D39E3E /* AFPropertyListRequestOperation.m in Sources */ = {isa = PBXBuildFile; fileRef = DDC5D226166C3F7D00D39E3E /* AFPropertyListRequestOperation.m */; };
		DDC5D233166C3F7D00D39E3E /* AFURLConnectionOperation.m in Sources */ = {isa = PBXBuildFile; fileRef = DDC5D228166C3F7D00D39E3E /* AFURLConnectionOperation.m */; };
		DDC5D234166C3F7D00D39E3E /* AFXMLRequestOperation.m in Sources */ = {isa = PBXBuildFile; fileRef = DDC5D22A166C3F7D00D39E3E /* AFXMLRequestOperation.m */; };
		DDC5D235166C3F7D00D39E3E /* UIImageView+AFNetworking.m in Sources */ = {isa = PBXBuildFile; fileRef = DDC5D22C166C3F7D00D39E3E /* UIImageView+AFNetworking.m */; };
		DDCDF93A1669DFDB00CCA28C /* RootViewController.m in Sources */ = {isa = PBXBuildFile; fileRef = DDCDF9381669DFDB00CCA28C /* RootViewController.m */; };
		DDCDF93B1669DFDB00CCA28C /* RootViewController.xib in Resources */ = {isa = PBXBuildFile; fileRef = DDCDF9391669DFDB00CCA28C /* RootViewController.xib */; };
		DDCDF93E1669DFFA00CCA28C /* AppModel.m in Sources */ = {isa = PBXBuildFile; fileRef = DDCDF93D1669DFFA00CCA28C /* AppModel.m */; };
		DDCDF9631669F48800CCA28C /* AssetsLibrary.framework in Frameworks */ = {isa = PBXBuildFile; fileRef = DDCDF9621669F48800CCA28C /* AssetsLibrary.framework */; };
		DDCDF97C166A023800CCA28C /* CameraOverlayView.m in Sources */ = {isa = PBXBuildFile; fileRef = DDCDF97B166A023800CCA28C /* CameraOverlayView.m */; };
		DDCDF980166A040300CCA28C /* CameraOverlayView.xib in Resources */ = {isa = PBXBuildFile; fileRef = DDCDF97F166A040300CCA28C /* CameraOverlayView.xib */; };
		DDCDF989166A1ECD00CCA28C /* Sniper.xcdatamodeld in Sources */ = {isa = PBXBuildFile; fileRef = DDCDF987166A1ECD00CCA28C /* Sniper.xcdatamodeld */; };
		DDCDF98B166A1F0500CCA28C /* CoreData.framework in Frameworks */ = {isa = PBXBuildFile; fileRef = DDCDF98A166A1F0400CCA28C /* CoreData.framework */; };
		DDCDFA01166A4A5000CCA28C /* AVFoundation.framework in Frameworks */ = {isa = PBXBuildFile; fileRef = DDCDFA00166A4A5000CCA28C /* AVFoundation.framework */; };
		DDCDFA04166A4A9300CCA28C /* MediaPlayer.framework in Frameworks */ = {isa = PBXBuildFile; fileRef = DDCDFA03166A4A9300CCA28C /* MediaPlayer.framework */; };
		DDCDFA06166A637B00CCA28C /* AudioToolbox.framework in Frameworks */ = {isa = PBXBuildFile; fileRef = DDCDFA05166A637B00CCA28C /* AudioToolbox.framework */; };
		DDD8980A16F8F5DA004586CD /* Logger.m in Sources */ = {isa = PBXBuildFile; fileRef = DDD8980916F8F5DA004586CD /* Logger.m */; };
		DDD8981216F9075A004586CD /* HorizontalTableViewCell.m in Sources */ = {isa = PBXBuildFile; fileRef = DDD8981116F90759004586CD /* HorizontalTableViewCell.m */; };
/* End PBXBuildFile section */

/* Begin PBXContainerItemProxy section */
		DDBC510116687C0600B9AFBF /* PBXContainerItemProxy */ = {
			isa = PBXContainerItemProxy;
			containerPortal = DDBC50CC16687C0500B9AFBF /* Project object */;
			proxyType = 1;
			remoteGlobalIDString = DDBC50D416687C0500B9AFBF;
			remoteInfo = Sniper;
		};
/* End PBXContainerItemProxy section */

/* Begin PBXFileReference section */
		DD32D3B716F1031200E6C5A2 /* SettingsViewController.h */ = {isa = PBXFileReference; fileEncoding = 4; lastKnownFileType = sourcecode.c.h; path = SettingsViewController.h; sourceTree = "<group>"; };
		DD32D3B816F1031200E6C5A2 /* SettingsViewController.m */ = {isa = PBXFileReference; fileEncoding = 4; lastKnownFileType = sourcecode.c.objc; path = SettingsViewController.m; sourceTree = "<group>"; };
		DD32D3B916F1031200E6C5A2 /* SettingsViewController.xib */ = {isa = PBXFileReference; fileEncoding = 4; lastKnownFileType = file.xib; path = SettingsViewController.xib; sourceTree = "<group>"; };
		DD32D3BC16F1033B00E6C5A2 /* ArmoryViewController.h */ = {isa = PBXFileReference; fileEncoding = 4; lastKnownFileType = sourcecode.c.h; path = ArmoryViewController.h; sourceTree = "<group>"; };
		DD32D3BD16F1033B00E6C5A2 /* ArmoryViewController.m */ = {isa = PBXFileReference; fileEncoding = 4; lastKnownFileType = sourcecode.c.objc; path = ArmoryViewController.m; sourceTree = "<group>"; };
		DD32D3BE16F1033B00E6C5A2 /* ArmoryViewController.xib */ = {isa = PBXFileReference; fileEncoding = 4; lastKnownFileType = file.xib; path = ArmoryViewController.xib; sourceTree = "<group>"; };
		DD32D3C116F1036400E6C5A2 /* GamesViewController.h */ = {isa = PBXFileReference; fileEncoding = 4; lastKnownFileType = sourcecode.c.h; path = GamesViewController.h; sourceTree = "<group>"; };
		DD32D3C216F1036400E6C5A2 /* GamesViewController.m */ = {isa = PBXFileReference; fileEncoding = 4; lastKnownFileType = sourcecode.c.objc; path = GamesViewController.m; sourceTree = "<group>"; };
		DD32D3C316F1036400E6C5A2 /* GamesViewController.xib */ = {isa = PBXFileReference; fileEncoding = 4; lastKnownFileType = file.xib; path = GamesViewController.xib; sourceTree = "<group>"; };
		DD32D3C616F103A300E6C5A2 /* TargetsViewController.h */ = {isa = PBXFileReference; fileEncoding = 4; lastKnownFileType = sourcecode.c.h; path = TargetsViewController.h; sourceTree = "<group>"; };
		DD32D3C716F103A300E6C5A2 /* TargetsViewController.m */ = {isa = PBXFileReference; fileEncoding = 4; lastKnownFileType = sourcecode.c.objc; path = TargetsViewController.m; sourceTree = "<group>"; };
		DD32D3C816F103A300E6C5A2 /* TargetsViewController.xib */ = {isa = PBXFileReference; fileEncoding = 4; lastKnownFileType = file.xib; path = TargetsViewController.xib; sourceTree = "<group>"; };
		DD32D3CE16F104B000E6C5A2 /* EmptyViewController.h */ = {isa = PBXFileReference; fileEncoding = 4; lastKnownFileType = sourcecode.c.h; path = EmptyViewController.h; sourceTree = "<group>"; };
		DD32D3CF16F104B000E6C5A2 /* EmptyViewController.m */ = {isa = PBXFileReference; fileEncoding = 4; lastKnownFileType = sourcecode.c.objc; path = EmptyViewController.m; sourceTree = "<group>"; };
		DD32D3D016F104B000E6C5A2 /* EmptyViewController.xib */ = {isa = PBXFileReference; fileEncoding = 4; lastKnownFileType = file.xib; path = EmptyViewController.xib; sourceTree = "<group>"; };
		DD32D3E116F167D200E6C5A2 /* TargetCell.h */ = {isa = PBXFileReference; fileEncoding = 4; lastKnownFileType = sourcecode.c.h; path = TargetCell.h; sourceTree = "<group>"; };
		DD32D3E216F167D200E6C5A2 /* TargetCell.m */ = {isa = PBXFileReference; fileEncoding = 4; lastKnownFileType = sourcecode.c.objc; path = TargetCell.m; sourceTree = "<group>"; };
		DD4AAF6E16D7C1A000773F58 /* targetReticle.png */ = {isa = PBXFileReference; lastKnownFileType = image.png; path = targetReticle.png; sourceTree = "<group>"; };
		DD5166B0166A935500BA9EC8 /* PhotoObject.h */ = {isa = PBXFileReference; fileEncoding = 4; lastKnownFileType = sourcecode.c.h; path = PhotoObject.h; sourceTree = "<group>"; };
		DD5166B1166A935500BA9EC8 /* PhotoObject.m */ = {isa = PBXFileReference; fileEncoding = 4; lastKnownFileType = sourcecode.c.objc; path = PhotoObject.m; sourceTree = "<group>"; };
		DD5166B3166AA24400BA9EC8 /* ImageIO.framework */ = {isa = PBXFileReference; lastKnownFileType = wrapper.framework; name = ImageIO.framework; path = System/Library/Frameworks/ImageIO.framework; sourceTree = SDKROOT; };
		DD5166DA166AA69500BA9EC8 /* MobileCoreServices.framework */ = {isa = PBXFileReference; lastKnownFileType = wrapper.framework; name = MobileCoreServices.framework; path = System/Library/Frameworks/MobileCoreServices.framework; sourceTree = SDKROOT; };
		DD5166DC166AA6B600BA9EC8 /* SystemConfiguration.framework */ = {isa = PBXFileReference; lastKnownFileType = wrapper.framework; name = SystemConfiguration.framework; path = System/Library/Frameworks/SystemConfiguration.framework; sourceTree = SDKROOT; };
		DD5166E7166ADC1300BA9EC8 /* LogInViewController.h */ = {isa = PBXFileReference; fileEncoding = 4; lastKnownFileType = sourcecode.c.h; path = LogInViewController.h; sourceTree = "<group>"; };
		DD5166E8166ADC1300BA9EC8 /* LogInViewController.m */ = {isa = PBXFileReference; fileEncoding = 4; lastKnownFileType = sourcecode.c.objc; path = LogInViewController.m; sourceTree = "<group>"; };
		DD5166E9166ADC1300BA9EC8 /* LogInViewController.xib */ = {isa = PBXFileReference; fileEncoding = 4; lastKnownFileType = file.xib; path = LogInViewController.xib; sourceTree = "<group>"; };
		DD516708166B0DA200BA9EC8 /* UIImage+Scale.h */ = {isa = PBXFileReference; fileEncoding = 4; lastKnownFileType = sourcecode.c.h; name = "UIImage+Scale.h"; path = "Sniper/UIImage+Scale.h"; sourceTree = "<group>"; };
		DD516709166B0DA200BA9EC8 /* UIImage+Scale.m */ = {isa = PBXFileReference; fileEncoding = 4; lastKnownFileType = sourcecode.c.objc; name = "UIImage+Scale.m"; path = "Sniper/UIImage+Scale.m"; sourceTree = "<group>"; };
		DD51670B166B0E7300BA9EC8 /* UIImage+Resize.m */ = {isa = PBXFileReference; fileEncoding = 4; lastKnownFileType = sourcecode.c.objc; name = "UIImage+Resize.m"; path = "Sniper/UIImage+Resize.m"; sourceTree = "<group>"; };
		DD51670C166B0E7300BA9EC8 /* UIImage+Resize.h */ = {isa = PBXFileReference; fileEncoding = 4; lastKnownFileType = sourcecode.c.h; name = "UIImage+Resize.h"; path = "Sniper/UIImage+Resize.h"; sourceTree = "<group>"; };
		DD51670E166B0EA600BA9EC8 /* UIImage+fixOrientation.h */ = {isa = PBXFileReference; fileEncoding = 4; lastKnownFileType = sourcecode.c.h; name = "UIImage+fixOrientation.h"; path = "Sniper/UIImage+fixOrientation.h"; sourceTree = "<group>"; };
		DD51670F166B0EA600BA9EC8 /* UIImage+fixOrientation.m */ = {isa = PBXFileReference; fileEncoding = 4; lastKnownFileType = sourcecode.c.objc; name = "UIImage+fixOrientation.m"; path = "Sniper/UIImage+fixOrientation.m"; sourceTree = "<group>"; };
		DD516710166B0EA600BA9EC8 /* UIImage+Alpha.h */ = {isa = PBXFileReference; fileEncoding = 4; lastKnownFileType = sourcecode.c.h; name = "UIImage+Alpha.h"; path = "Sniper/UIImage+Alpha.h"; sourceTree = "<group>"; };
		DD516711166B0EA600BA9EC8 /* UIImage+Alpha.m */ = {isa = PBXFileReference; fileEncoding = 4; lastKnownFileType = sourcecode.c.objc; name = "UIImage+Alpha.m"; path = "Sniper/UIImage+Alpha.m"; sourceTree = "<group>"; };
		DD516712166B0EA600BA9EC8 /* UIImage+RoundedCorner.h */ = {isa = PBXFileReference; fileEncoding = 4; lastKnownFileType = sourcecode.c.h; name = "UIImage+RoundedCorner.h"; path = "Sniper/UIImage+RoundedCorner.h"; sourceTree = "<group>"; };
		DD516713166B0EA600BA9EC8 /* UIImage+RoundedCorner.m */ = {isa = PBXFileReference; fileEncoding = 4; lastKnownFileType = sourcecode.c.objc; name = "UIImage+RoundedCorner.m"; path = "Sniper/UIImage+RoundedCorner.m"; sourceTree = "<group>"; };
		DD9C438116FD3D5500AC498A /* ControlVariables.h */ = {isa = PBXFileReference; fileEncoding = 4; lastKnownFileType = sourcecode.c.h; path = ControlVariables.h; sourceTree = "<group>"; };
		DDBC50D516687C0500B9AFBF /* Sniper.app */ = {isa = PBXFileReference; explicitFileType = wrapper.application; includeInIndex = 0; path = Sniper.app; sourceTree = BUILT_PRODUCTS_DIR; };
		DDBC50D916687C0500B9AFBF /* UIKit.framework */ = {isa = PBXFileReference; lastKnownFileType = wrapper.framework; name = UIKit.framework; path = System/Library/Frameworks/UIKit.framework; sourceTree = SDKROOT; };
		DDBC50DB16687C0500B9AFBF /* Foundation.framework */ = {isa = PBXFileReference; lastKnownFileType = wrapper.framework; name = Foundation.framework; path = System/Library/Frameworks/Foundation.framework; sourceTree = SDKROOT; };
		DDBC50DD16687C0500B9AFBF /* CoreGraphics.framework */ = {isa = PBXFileReference; lastKnownFileType = wrapper.framework; name = CoreGraphics.framework; path = System/Library/Frameworks/CoreGraphics.framework; sourceTree = SDKROOT; };
		DDBC50E116687C0500B9AFBF /* Sniper-Info.plist */ = {isa = PBXFileReference; lastKnownFileType = text.plist.xml; path = "Sniper-Info.plist"; sourceTree = "<group>"; };
		DDBC50E316687C0500B9AFBF /* en */ = {isa = PBXFileReference; lastKnownFileType = text.plist.strings; name = en; path = en.lproj/InfoPlist.strings; sourceTree = "<group>"; };
		DDBC50E516687C0500B9AFBF /* main.m */ = {isa = PBXFileReference; lastKnownFileType = sourcecode.c.objc; path = main.m; sourceTree = "<group>"; };
		DDBC50E716687C0500B9AFBF /* Sniper-Prefix.pch */ = {isa = PBXFileReference; lastKnownFileType = sourcecode.c.h; path = "Sniper-Prefix.pch"; sourceTree = "<group>"; };
		DDBC50E816687C0500B9AFBF /* AppDelegate.h */ = {isa = PBXFileReference; lastKnownFileType = sourcecode.c.h; path = AppDelegate.h; sourceTree = "<group>"; };
		DDBC50E916687C0500B9AFBF /* AppDelegate.m */ = {isa = PBXFileReference; lastKnownFileType = sourcecode.c.objc; path = AppDelegate.m; sourceTree = "<group>"; };
		DDBC50EB16687C0500B9AFBF /* Default.png */ = {isa = PBXFileReference; lastKnownFileType = image.png; path = Default.png; sourceTree = "<group>"; };
		DDBC50ED16687C0500B9AFBF /* Default@2x.png */ = {isa = PBXFileReference; lastKnownFileType = image.png; path = "Default@2x.png"; sourceTree = "<group>"; };
		DDBC50EF16687C0500B9AFBF /* Default-568h@2x.png */ = {isa = PBXFileReference; lastKnownFileType = image.png; path = "Default-568h@2x.png"; sourceTree = "<group>"; };
		DDBC50FC16687C0600B9AFBF /* SniperTests.octest */ = {isa = PBXFileReference; explicitFileType = wrapper.cfbundle; includeInIndex = 0; path = SniperTests.octest; sourceTree = BUILT_PRODUCTS_DIR; };
		DDBC50FD16687C0600B9AFBF /* SenTestingKit.framework */ = {isa = PBXFileReference; lastKnownFileType = wrapper.framework; name = SenTestingKit.framework; path = Library/Frameworks/SenTestingKit.framework; sourceTree = DEVELOPER_DIR; };
		DDBC510516687C0600B9AFBF /* SniperTests-Info.plist */ = {isa = PBXFileReference; lastKnownFileType = text.plist.xml; path = "SniperTests-Info.plist"; sourceTree = "<group>"; };
		DDBC510716687C0600B9AFBF /* en */ = {isa = PBXFileReference; lastKnownFileType = text.plist.strings; name = en; path = en.lproj/InfoPlist.strings; sourceTree = "<group>"; };
		DDBC510916687C0600B9AFBF /* SniperTests.h */ = {isa = PBXFileReference; lastKnownFileType = sourcecode.c.h; path = SniperTests.h; sourceTree = "<group>"; };
		DDBC510A16687C0600B9AFBF /* SniperTests.m */ = {isa = PBXFileReference; lastKnownFileType = sourcecode.c.objc; path = SniperTests.m; sourceTree = "<group>"; };
		DDC01B4616F2D1E8005E80AB /* Target.h */ = {isa = PBXFileReference; fileEncoding = 4; lastKnownFileType = sourcecode.c.h; path = Target.h; sourceTree = "<group>"; };
		DDC01B4716F2D1E8005E80AB /* Target.m */ = {isa = PBXFileReference; fileEncoding = 4; lastKnownFileType = sourcecode.c.objc; path = Target.m; sourceTree = "<group>"; };
		DDC01B4916F2D2D7005E80AB /* Game.h */ = {isa = PBXFileReference; fileEncoding = 4; lastKnownFileType = sourcecode.c.h; path = Game.h; sourceTree = "<group>"; };
		DDC01B4A16F2D2D7005E80AB /* Game.m */ = {isa = PBXFileReference; fileEncoding = 4; lastKnownFileType = sourcecode.c.objc; path = Game.m; sourceTree = "<group>"; };
		DDC01B4C16F2F49F005E80AB /* Player.h */ = {isa = PBXFileReference; fileEncoding = 4; lastKnownFileType = sourcecode.c.h; path = Player.h; sourceTree = "<group>"; };
		DDC01B4D16F2F49F005E80AB /* Player.m */ = {isa = PBXFileReference; fileEncoding = 4; lastKnownFileType = sourcecode.c.objc; path = Player.m; sourceTree = "<group>"; };
		DDC30E3316EDB82600A005B7 /* HorizontalTableView.h */ = {isa = PBXFileReference; fileEncoding = 4; lastKnownFileType = sourcecode.c.h; path = HorizontalTableView.h; sourceTree = "<group>"; };
		DDC30E3416EDB82600A005B7 /* HorizontalTableView.m */ = {isa = PBXFileReference; fileEncoding = 4; lastKnownFileType = sourcecode.c.objc; path = HorizontalTableView.m; sourceTree = "<group>"; };
		DDC5D208166C141A00D39E3E /* MissionViewController.h */ = {isa = PBXFileReference; fileEncoding = 4; lastKnownFileType = sourcecode.c.h; path = MissionViewController.h; sourceTree = "<group>"; };
		DDC5D209166C141A00D39E3E /* MissionViewController.m */ = {isa = PBXFileReference; fileEncoding = 4; lastKnownFileType = sourcecode.c.objc; path = MissionViewController.m; sourceTree = "<group>"; };
		DDC5D20A166C141A00D39E3E /* MissionViewController.xib */ = {isa = PBXFileReference; fileEncoding = 4; lastKnownFileType = file.xib; path = MissionViewController.xib; sourceTree = "<group>"; };
		DDC5D212166C2DA400D39E3E /* player.png */ = {isa = PBXFileReference; lastKnownFileType = image.png; path = player.png; sourceTree = "<group>"; };
		DDC5D21A166C3F7D00D39E3E /* AFHTTPClient.h */ = {isa = PBXFileReference; fileEncoding = 4; lastKnownFileType = sourcecode.c.h; path = AFHTTPClient.h; sourceTree = "<group>"; };
		DDC5D21B166C3F7D00D39E3E /* AFHTTPClient.m */ = {isa = PBXFileReference; fileEncoding = 4; lastKnownFileType = sourcecode.c.objc; path = AFHTTPClient.m; sourceTree = "<group>"; };
		DDC5D21C166C3F7D00D39E3E /* AFHTTPRequestOperation.h */ = {isa = PBXFileReference; fileEncoding = 4; lastKnownFileType = sourcecode.c.h; path = AFHTTPRequestOperation.h; sourceTree = "<group>"; };
		DDC5D21D166C3F7D00D39E3E /* AFHTTPRequestOperation.m */ = {isa = PBXFileReference; fileEncoding = 4; lastKnownFileType = sourcecode.c.objc; path = AFHTTPRequestOperation.m; sourceTree = "<group>"; };
		DDC5D21E166C3F7D00D39E3E /* AFImageRequestOperation.h */ = {isa = PBXFileReference; fileEncoding = 4; lastKnownFileType = sourcecode.c.h; path = AFImageRequestOperation.h; sourceTree = "<group>"; };
		DDC5D21F166C3F7D00D39E3E /* AFImageRequestOperation.m */ = {isa = PBXFileReference; fileEncoding = 4; lastKnownFileType = sourcecode.c.objc; path = AFImageRequestOperation.m; sourceTree = "<group>"; };
		DDC5D220166C3F7D00D39E3E /* AFJSONRequestOperation.h */ = {isa = PBXFileReference; fileEncoding = 4; lastKnownFileType = sourcecode.c.h; path = AFJSONRequestOperation.h; sourceTree = "<group>"; };
		DDC5D221166C3F7D00D39E3E /* AFJSONRequestOperation.m */ = {isa = PBXFileReference; fileEncoding = 4; lastKnownFileType = sourcecode.c.objc; path = AFJSONRequestOperation.m; sourceTree = "<group>"; };
		DDC5D222166C3F7D00D39E3E /* AFNetworkActivityIndicatorManager.h */ = {isa = PBXFileReference; fileEncoding = 4; lastKnownFileType = sourcecode.c.h; path = AFNetworkActivityIndicatorManager.h; sourceTree = "<group>"; };
		DDC5D223166C3F7D00D39E3E /* AFNetworkActivityIndicatorManager.m */ = {isa = PBXFileReference; fileEncoding = 4; lastKnownFileType = sourcecode.c.objc; path = AFNetworkActivityIndicatorManager.m; sourceTree = "<group>"; };
		DDC5D224166C3F7D00D39E3E /* AFNetworking.h */ = {isa = PBXFileReference; fileEncoding = 4; lastKnownFileType = sourcecode.c.h; path = AFNetworking.h; sourceTree = "<group>"; };
		DDC5D225166C3F7D00D39E3E /* AFPropertyListRequestOperation.h */ = {isa = PBXFileReference; fileEncoding = 4; lastKnownFileType = sourcecode.c.h; path = AFPropertyListRequestOperation.h; sourceTree = "<group>"; };
		DDC5D226166C3F7D00D39E3E /* AFPropertyListRequestOperation.m */ = {isa = PBXFileReference; fileEncoding = 4; lastKnownFileType = sourcecode.c.objc; path = AFPropertyListRequestOperation.m; sourceTree = "<group>"; };
		DDC5D227166C3F7D00D39E3E /* AFURLConnectionOperation.h */ = {isa = PBXFileReference; fileEncoding = 4; lastKnownFileType = sourcecode.c.h; path = AFURLConnectionOperation.h; sourceTree = "<group>"; };
		DDC5D228166C3F7D00D39E3E /* AFURLConnectionOperation.m */ = {isa = PBXFileReference; fileEncoding = 4; lastKnownFileType = sourcecode.c.objc; path = AFURLConnectionOperation.m; sourceTree = "<group>"; };
		DDC5D229166C3F7D00D39E3E /* AFXMLRequestOperation.h */ = {isa = PBXFileReference; fileEncoding = 4; lastKnownFileType = sourcecode.c.h; path = AFXMLRequestOperation.h; sourceTree = "<group>"; };
		DDC5D22A166C3F7D00D39E3E /* AFXMLRequestOperation.m */ = {isa = PBXFileReference; fileEncoding = 4; lastKnownFileType = sourcecode.c.objc; path = AFXMLRequestOperation.m; sourceTree = "<group>"; };
		DDC5D22B166C3F7D00D39E3E /* UIImageView+AFNetworking.h */ = {isa = PBXFileReference; fileEncoding = 4; lastKnownFileType = sourcecode.c.h; path = "UIImageView+AFNetworking.h"; sourceTree = "<group>"; };
		DDC5D22C166C3F7D00D39E3E /* UIImageView+AFNetworking.m */ = {isa = PBXFileReference; fileEncoding = 4; lastKnownFileType = sourcecode.c.objc; path = "UIImageView+AFNetworking.m"; sourceTree = "<group>"; };
		DDCDF9371669DFDB00CCA28C /* RootViewController.h */ = {isa = PBXFileReference; fileEncoding = 4; lastKnownFileType = sourcecode.c.h; path = RootViewController.h; sourceTree = "<group>"; };
		DDCDF9381669DFDB00CCA28C /* RootViewController.m */ = {isa = PBXFileReference; fileEncoding = 4; lastKnownFileType = sourcecode.c.objc; path = RootViewController.m; sourceTree = "<group>"; };
		DDCDF9391669DFDB00CCA28C /* RootViewController.xib */ = {isa = PBXFileReference; fileEncoding = 4; lastKnownFileType = file.xib; path = RootViewController.xib; sourceTree = "<group>"; };
		DDCDF93C1669DFFA00CCA28C /* AppModel.h */ = {isa = PBXFileReference; fileEncoding = 4; lastKnownFileType = sourcecode.c.h; path = AppModel.h; sourceTree = "<group>"; };
		DDCDF93D1669DFFA00CCA28C /* AppModel.m */ = {isa = PBXFileReference; fileEncoding = 4; lastKnownFileType = sourcecode.c.objc; path = AppModel.m; sourceTree = "<group>"; };
		DDCDF9621669F48800CCA28C /* AssetsLibrary.framework */ = {isa = PBXFileReference; lastKnownFileType = wrapper.framework; name = AssetsLibrary.framework; path = System/Library/Frameworks/AssetsLibrary.framework; sourceTree = SDKROOT; };
		DDCDF97A166A023800CCA28C /* CameraOverlayView.h */ = {isa = PBXFileReference; fileEncoding = 4; lastKnownFileType = sourcecode.c.h; path = CameraOverlayView.h; sourceTree = "<group>"; };
		DDCDF97B166A023800CCA28C /* CameraOverlayView.m */ = {isa = PBXFileReference; fileEncoding = 4; lastKnownFileType = sourcecode.c.objc; path = CameraOverlayView.m; sourceTree = "<group>"; };
		DDCDF97F166A040300CCA28C /* CameraOverlayView.xib */ = {isa = PBXFileReference; fileEncoding = 4; lastKnownFileType = file.xib; path = CameraOverlayView.xib; sourceTree = "<group>"; };
		DDCDF988166A1ECD00CCA28C /* Sniper.xcdatamodel */ = {isa = PBXFileReference; lastKnownFileType = wrapper.xcdatamodel; path = Sniper.xcdatamodel; sourceTree = "<group>"; };
		DDCDF98A166A1F0400CCA28C /* CoreData.framework */ = {isa = PBXFileReference; lastKnownFileType = wrapper.framework; name = CoreData.framework; path = System/Library/Frameworks/CoreData.framework; sourceTree = SDKROOT; };
		DDCDFA00166A4A5000CCA28C /* AVFoundation.framework */ = {isa = PBXFileReference; lastKnownFileType = wrapper.framework; name = AVFoundation.framework; path = System/Library/Frameworks/AVFoundation.framework; sourceTree = SDKROOT; };
		DDCDFA03166A4A9300CCA28C /* MediaPlayer.framework */ = {isa = PBXFileReference; lastKnownFileType = wrapper.framework; name = MediaPlayer.framework; path = System/Library/Frameworks/MediaPlayer.framework; sourceTree = SDKROOT; };
		DDCDFA05166A637B00CCA28C /* AudioToolbox.framework */ = {isa = PBXFileReference; lastKnownFileType = wrapper.framework; name = AudioToolbox.framework; path = System/Library/Frameworks/AudioToolbox.framework; sourceTree = SDKROOT; };
		DDD8980816F8F5DA004586CD /* Logger.h */ = {isa = PBXFileReference; fileEncoding = 4; lastKnownFileType = sourcecode.c.h; path = Logger.h; sourceTree = "<group>"; };
		DDD8980916F8F5DA004586CD /* Logger.m */ = {isa = PBXFileReference; fileEncoding = 4; lastKnownFileType = sourcecode.c.objc; path = Logger.m; sourceTree = "<group>"; };
		DDD8981016F90759004586CD /* HorizontalTableViewCell.h */ = {isa = PBXFileReference; fileEncoding = 4; lastKnownFileType = sourcecode.c.h; path = HorizontalTableViewCell.h; sourceTree = "<group>"; };
		DDD8981116F90759004586CD /* HorizontalTableViewCell.m */ = {isa = PBXFileReference; fileEncoding = 4; lastKnownFileType = sourcecode.c.objc; path = HorizontalTableViewCell.m; sourceTree = "<group>"; };
/* End PBXFileReference section */

/* Begin PBXFrameworksBuildPhase section */
		DDBC50D216687C0500B9AFBF /* Frameworks */ = {
			isa = PBXFrameworksBuildPhase;
			buildActionMask = 2147483647;
			files = (
				DD5166DD166AA6B600BA9EC8 /* SystemConfiguration.framework in Frameworks */,
				DD5166DB166AA69500BA9EC8 /* MobileCoreServices.framework in Frameworks */,
				DD5166B4166AA24400BA9EC8 /* ImageIO.framework in Frameworks */,
				DDCDF9631669F48800CCA28C /* AssetsLibrary.framework in Frameworks */,
				DDCDFA06166A637B00CCA28C /* AudioToolbox.framework in Frameworks */,
				DDCDFA04166A4A9300CCA28C /* MediaPlayer.framework in Frameworks */,
				DDCDFA01166A4A5000CCA28C /* AVFoundation.framework in Frameworks */,
				DDCDF98B166A1F0500CCA28C /* CoreData.framework in Frameworks */,
				DDBC50DA16687C0500B9AFBF /* UIKit.framework in Frameworks */,
				DDBC50DC16687C0500B9AFBF /* Foundation.framework in Frameworks */,
				DDBC50DE16687C0500B9AFBF /* CoreGraphics.framework in Frameworks */,
			);
			runOnlyForDeploymentPostprocessing = 0;
		};
		DDBC50F816687C0600B9AFBF /* Frameworks */ = {
			isa = PBXFrameworksBuildPhase;
			buildActionMask = 2147483647;
			files = (
				DDBC50FE16687C0600B9AFBF /* SenTestingKit.framework in Frameworks */,
				DDBC50FF16687C0600B9AFBF /* UIKit.framework in Frameworks */,
				DDBC510016687C0600B9AFBF /* Foundation.framework in Frameworks */,
			);
			runOnlyForDeploymentPostprocessing = 0;
		};
/* End PBXFrameworksBuildPhase section */

/* Begin PBXGroup section */
		DD32D3B516F102D800E6C5A2 /* Tab Bar View Controllers */ = {
			isa = PBXGroup;
			children = (
				DD32D3C116F1036400E6C5A2 /* GamesViewController.h */,
				DD32D3C216F1036400E6C5A2 /* GamesViewController.m */,
				DD32D3C316F1036400E6C5A2 /* GamesViewController.xib */,
				DD32D3C616F103A300E6C5A2 /* TargetsViewController.h */,
				DD32D3C716F103A300E6C5A2 /* TargetsViewController.m */,
				DD32D3C816F103A300E6C5A2 /* TargetsViewController.xib */,
				DD32D3CE16F104B000E6C5A2 /* EmptyViewController.h */,
				DD32D3CF16F104B000E6C5A2 /* EmptyViewController.m */,
				DD32D3D016F104B000E6C5A2 /* EmptyViewController.xib */,
				DD32D3BC16F1033B00E6C5A2 /* ArmoryViewController.h */,
				DD32D3BD16F1033B00E6C5A2 /* ArmoryViewController.m */,
				DD32D3BE16F1033B00E6C5A2 /* ArmoryViewController.xib */,
				DD32D3B716F1031200E6C5A2 /* SettingsViewController.h */,
				DD32D3B816F1031200E6C5A2 /* SettingsViewController.m */,
				DD32D3B916F1031200E6C5A2 /* SettingsViewController.xib */,
			);
			name = "Tab Bar View Controllers";
			sourceTree = "<group>";
		};
		DDBC50CA16687C0500B9AFBF = {
			isa = PBXGroup;
			children = (
				DDC30D3E16EC141700A005B7 /* External Libraries */,
				DDBC50DF16687C0500B9AFBF /* Sniper */,
				DDBC510316687C0600B9AFBF /* SniperTests */,
				DDBC50D816687C0500B9AFBF /* Frameworks */,
				DDBC50D616687C0500B9AFBF /* Products */,
			);
			sourceTree = "<group>";
		};
		DDBC50D616687C0500B9AFBF /* Products */ = {
			isa = PBXGroup;
			children = (
				DDBC50D516687C0500B9AFBF /* Sniper.app */,
				DDBC50FC16687C0600B9AFBF /* SniperTests.octest */,
			);
			name = Products;
			sourceTree = "<group>";
		};
		DDBC50D816687C0500B9AFBF /* Frameworks */ = {
			isa = PBXGroup;
			children = (
				DD5166DC166AA6B600BA9EC8 /* SystemConfiguration.framework */,
				DD5166DA166AA69500BA9EC8 /* MobileCoreServices.framework */,
				DD5166B3166AA24400BA9EC8 /* ImageIO.framework */,
				DDCDFA05166A637B00CCA28C /* AudioToolbox.framework */,
				DDCDFA03166A4A9300CCA28C /* MediaPlayer.framework */,
				DDCDFA00166A4A5000CCA28C /* AVFoundation.framework */,
				DDCDF98A166A1F0400CCA28C /* CoreData.framework */,
				DDCDF9621669F48800CCA28C /* AssetsLibrary.framework */,
				DDBC50D916687C0500B9AFBF /* UIKit.framework */,
				DDBC50DB16687C0500B9AFBF /* Foundation.framework */,
				DDBC50DD16687C0500B9AFBF /* CoreGraphics.framework */,
				DDBC50FD16687C0600B9AFBF /* SenTestingKit.framework */,
			);
			name = Frameworks;
			sourceTree = "<group>";
		};
		DDBC50DF16687C0500B9AFBF /* Sniper */ = {
			isa = PBXGroup;
			children = (
				DDC01B4416F2D1C6005E80AB /* Classes */,
				DD32D3B516F102D800E6C5A2 /* Tab Bar View Controllers */,
				DDC30E3116EDB79D00A005B7 /* View Controllers */,
				DDCDF96D1669F84A00CCA28C /* Camera */,
				DDCDF95F1669F3A500CCA28C /* Core */,
				DDBC50E016687C0500B9AFBF /* Supporting Files */,
			);
			path = Sniper;
			sourceTree = "<group>";
		};
		DDBC50E016687C0500B9AFBF /* Supporting Files */ = {
			isa = PBXGroup;
			children = (
				DDBC50E116687C0500B9AFBF /* Sniper-Info.plist */,
				DDBC50E216687C0500B9AFBF /* InfoPlist.strings */,
				DDBC50E516687C0500B9AFBF /* main.m */,
				DDBC50E716687C0500B9AFBF /* Sniper-Prefix.pch */,
				DD4AAF6E16D7C1A000773F58 /* targetReticle.png */,
				DDBC50EB16687C0500B9AFBF /* Default.png */,
				DDBC50ED16687C0500B9AFBF /* Default@2x.png */,
				DDBC50EF16687C0500B9AFBF /* Default-568h@2x.png */,
				DDC5D212166C2DA400D39E3E /* player.png */,
			);
			name = "Supporting Files";
			sourceTree = "<group>";
		};
		DDBC510316687C0600B9AFBF /* SniperTests */ = {
			isa = PBXGroup;
			children = (
				DDBC510916687C0600B9AFBF /* SniperTests.h */,
				DDBC510A16687C0600B9AFBF /* SniperTests.m */,
				DDBC510416687C0600B9AFBF /* Supporting Files */,
			);
			path = SniperTests;
			sourceTree = "<group>";
		};
		DDBC510416687C0600B9AFBF /* Supporting Files */ = {
			isa = PBXGroup;
			children = (
				DDBC510516687C0600B9AFBF /* SniperTests-Info.plist */,
				DDBC510616687C0600B9AFBF /* InfoPlist.strings */,
			);
			name = "Supporting Files";
			sourceTree = "<group>";
		};
		DDC01B4416F2D1C6005E80AB /* Classes */ = {
			isa = PBXGroup;
			children = (
				DDC30E3216EDB7C200A005B7 /* Horizontal TableView Classes */,
				DDC01B4616F2D1E8005E80AB /* Target.h */,
				DDC01B4716F2D1E8005E80AB /* Target.m */,
				DDC01B4C16F2F49F005E80AB /* Player.h */,
				DDC01B4D16F2F49F005E80AB /* Player.m */,
				DDC01B4916F2D2D7005E80AB /* Game.h */,
				DDC01B4A16F2D2D7005E80AB /* Game.m */,
				DD5166B0166A935500BA9EC8 /* PhotoObject.h */,
				DD5166B1166A935500BA9EC8 /* PhotoObject.m */,
			);
			name = Classes;
			sourceTree = "<group>";
		};
		DDC30D3E16EC141700A005B7 /* External Libraries */ = {
			isa = PBXGroup;
			children = (
				DD51670E166B0EA600BA9EC8 /* UIImage+fixOrientation.h */,
				DD51670F166B0EA600BA9EC8 /* UIImage+fixOrientation.m */,
				DD516710166B0EA600BA9EC8 /* UIImage+Alpha.h */,
				DD516711166B0EA600BA9EC8 /* UIImage+Alpha.m */,
				DD516712166B0EA600BA9EC8 /* UIImage+RoundedCorner.h */,
				DD516713166B0EA600BA9EC8 /* UIImage+RoundedCorner.m */,
				DD516708166B0DA200BA9EC8 /* UIImage+Scale.h */,
				DD516709166B0DA200BA9EC8 /* UIImage+Scale.m */,
				DD51670C166B0E7300BA9EC8 /* UIImage+Resize.h */,
				DD51670B166B0E7300BA9EC8 /* UIImage+Resize.m */,
				DDC5D219166C3F7D00D39E3E /* AFNetworking */,
			);
			name = "External Libraries";
			sourceTree = "<group>";
		};
		DDC30E3116EDB79D00A005B7 /* View Controllers */ = {
			isa = PBXGroup;
			children = (
				DD5166E7166ADC1300BA9EC8 /* LogInViewController.h */,
				DD5166E8166ADC1300BA9EC8 /* LogInViewController.m */,
				DD5166E9166ADC1300BA9EC8 /* LogInViewController.xib */,
				DDC5D208166C141A00D39E3E /* MissionViewController.h */,
				DDC5D209166C141A00D39E3E /* MissionViewController.m */,
				DDC5D20A166C141A00D39E3E /* MissionViewController.xib */,
			);
			name = "View Controllers";
			sourceTree = "<group>";
		};
		DDC30E3216EDB7C200A005B7 /* Horizontal TableView Classes */ = {
			isa = PBXGroup;
			children = (
				DD9C438116FD3D5500AC498A /* ControlVariables.h */,
				DDD8981016F90759004586CD /* HorizontalTableViewCell.h */,
				DDD8981116F90759004586CD /* HorizontalTableViewCell.m */,
				DDC30E3316EDB82600A005B7 /* HorizontalTableView.h */,
				DDC30E3416EDB82600A005B7 /* HorizontalTableView.m */,
				DD32D3E116F167D200E6C5A2 /* TargetCell.h */,
				DD32D3E216F167D200E6C5A2 /* TargetCell.m */,
			);
			name = "Horizontal TableView Classes";
			sourceTree = "<group>";
		};
		DDC5D219166C3F7D00D39E3E /* AFNetworking */ = {
			isa = PBXGroup;
			children = (
				DDC5D21A166C3F7D00D39E3E /* AFHTTPClient.h */,
				DDC5D21B166C3F7D00D39E3E /* AFHTTPClient.m */,
				DDC5D21C166C3F7D00D39E3E /* AFHTTPRequestOperation.h */,
				DDC5D21D166C3F7D00D39E3E /* AFHTTPRequestOperation.m */,
				DDC5D21E166C3F7D00D39E3E /* AFImageRequestOperation.h */,
				DDC5D21F166C3F7D00D39E3E /* AFImageRequestOperation.m */,
				DDC5D220166C3F7D00D39E3E /* AFJSONRequestOperation.h */,
				DDC5D221166C3F7D00D39E3E /* AFJSONRequestOperation.m */,
				DDC5D222166C3F7D00D39E3E /* AFNetworkActivityIndicatorManager.h */,
				DDC5D223166C3F7D00D39E3E /* AFNetworkActivityIndicatorManager.m */,
				DDC5D224166C3F7D00D39E3E /* AFNetworking.h */,
				DDC5D225166C3F7D00D39E3E /* AFPropertyListRequestOperation.h */,
				DDC5D226166C3F7D00D39E3E /* AFPropertyListRequestOperation.m */,
				DDC5D227166C3F7D00D39E3E /* AFURLConnectionOperation.h */,
				DDC5D228166C3F7D00D39E3E /* AFURLConnectionOperation.m */,
				DDC5D229166C3F7D00D39E3E /* AFXMLRequestOperation.h */,
				DDC5D22A166C3F7D00D39E3E /* AFXMLRequestOperation.m */,
				DDC5D22B166C3F7D00D39E3E /* UIImageView+AFNetworking.h */,
				DDC5D22C166C3F7D00D39E3E /* UIImageView+AFNetworking.m */,
			);
			path = AFNetworking;
			sourceTree = "<group>";
		};
		DDCDF95F1669F3A500CCA28C /* Core */ = {
			isa = PBXGroup;
			children = (
				DDCDF987166A1ECD00CCA28C /* Sniper.xcdatamodeld */,
				DDBC50E816687C0500B9AFBF /* AppDelegate.h */,
				DDBC50E916687C0500B9AFBF /* AppDelegate.m */,
				DDCDF93C1669DFFA00CCA28C /* AppModel.h */,
				DDCDF93D1669DFFA00CCA28C /* AppModel.m */,
				DDD8980816F8F5DA004586CD /* Logger.h */,
				DDD8980916F8F5DA004586CD /* Logger.m */,
				DDCDF9371669DFDB00CCA28C /* RootViewController.h */,
				DDCDF9381669DFDB00CCA28C /* RootViewController.m */,
				DDCDF9391669DFDB00CCA28C /* RootViewController.xib */,
			);
			name = Core;
			sourceTree = "<group>";
		};
		DDCDF96D1669F84A00CCA28C /* Camera */ = {
			isa = PBXGroup;
			children = (
				DDCDF97A166A023800CCA28C /* CameraOverlayView.h */,
				DDCDF97B166A023800CCA28C /* CameraOverlayView.m */,
				DDCDF97F166A040300CCA28C /* CameraOverlayView.xib */,
			);
			name = Camera;
			sourceTree = "<group>";
		};
/* End PBXGroup section */

/* Begin PBXNativeTarget section */
		DDBC50D416687C0500B9AFBF /* Sniper */ = {
			isa = PBXNativeTarget;
			buildConfigurationList = DDBC510E16687C0600B9AFBF /* Build configuration list for PBXNativeTarget "Sniper" */;
			buildPhases = (
				DDBC50D116687C0500B9AFBF /* Sources */,
				DDBC50D216687C0500B9AFBF /* Frameworks */,
				DDBC50D316687C0500B9AFBF /* Resources */,
			);
			buildRules = (
			);
			dependencies = (
			);
			name = Sniper;
			productName = Sniper;
			productReference = DDBC50D516687C0500B9AFBF /* Sniper.app */;
			productType = "com.apple.product-type.application";
		};
		DDBC50FB16687C0600B9AFBF /* SniperTests */ = {
			isa = PBXNativeTarget;
			buildConfigurationList = DDBC511116687C0600B9AFBF /* Build configuration list for PBXNativeTarget "SniperTests" */;
			buildPhases = (
				DDBC50F716687C0600B9AFBF /* Sources */,
				DDBC50F816687C0600B9AFBF /* Frameworks */,
				DDBC50F916687C0600B9AFBF /* Resources */,
				DDBC50FA16687C0600B9AFBF /* ShellScript */,
			);
			buildRules = (
			);
			dependencies = (
				DDBC510216687C0600B9AFBF /* PBXTargetDependency */,
			);
			name = SniperTests;
			productName = SniperTests;
			productReference = DDBC50FC16687C0600B9AFBF /* SniperTests.octest */;
			productType = "com.apple.product-type.bundle";
		};
/* End PBXNativeTarget section */

/* Begin PBXProject section */
		DDBC50CC16687C0500B9AFBF /* Project object */ = {
			isa = PBXProject;
			attributes = {
				LastUpgradeCheck = 0450;
				ORGANIZATIONNAME = "Jacob Hanshaw";
			};
			buildConfigurationList = DDBC50CF16687C0500B9AFBF /* Build configuration list for PBXProject "Sniper" */;
			compatibilityVersion = "Xcode 3.2";
			developmentRegion = English;
			hasScannedForEncodings = 0;
			knownRegions = (
				en,
			);
			mainGroup = DDBC50CA16687C0500B9AFBF;
			productRefGroup = DDBC50D616687C0500B9AFBF /* Products */;
			projectDirPath = "";
			projectRoot = "";
			targets = (
				DDBC50D416687C0500B9AFBF /* Sniper */,
				DDBC50FB16687C0600B9AFBF /* SniperTests */,
			);
		};
/* End PBXProject section */

/* Begin PBXResourcesBuildPhase section */
		DDBC50D316687C0500B9AFBF /* Resources */ = {
			isa = PBXResourcesBuildPhase;
			buildActionMask = 2147483647;
			files = (
				DDBC50E416687C0500B9AFBF /* InfoPlist.strings in Resources */,
				DDBC50EC16687C0500B9AFBF /* Default.png in Resources */,
				DDBC50EE16687C0500B9AFBF /* Default@2x.png in Resources */,
				DDBC50F016687C0500B9AFBF /* Default-568h@2x.png in Resources */,
				DDCDF93B1669DFDB00CCA28C /* RootViewController.xib in Resources */,
				DDCDF980166A040300CCA28C /* CameraOverlayView.xib in Resources */,
				DD5166EB166ADC1300BA9EC8 /* LogInViewController.xib in Resources */,
				DDC5D20C166C141A00D39E3E /* MissionViewController.xib in Resources */,
				DDC5D213166C2DA400D39E3E /* player.png in Resources */,
				DD4AAF6F16D7C1A000773F58 /* targetReticle.png in Resources */,
				DD32D3BB16F1031200E6C5A2 /* SettingsViewController.xib in Resources */,
				DD32D3C016F1033B00E6C5A2 /* ArmoryViewController.xib in Resources */,
				DD32D3C516F1036500E6C5A2 /* GamesViewController.xib in Resources */,
				DD32D3CA16F103A300E6C5A2 /* TargetsViewController.xib in Resources */,
				DD32D3D216F104B000E6C5A2 /* EmptyViewController.xib in Resources */,
			);
			runOnlyForDeploymentPostprocessing = 0;
		};
		DDBC50F916687C0600B9AFBF /* Resources */ = {
			isa = PBXResourcesBuildPhase;
			buildActionMask = 2147483647;
			files = (
				DDBC510816687C0600B9AFBF /* InfoPlist.strings in Resources */,
			);
			runOnlyForDeploymentPostprocessing = 0;
		};
/* End PBXResourcesBuildPhase section */

/* Begin PBXShellScriptBuildPhase section */
		DDBC50FA16687C0600B9AFBF /* ShellScript */ = {
			isa = PBXShellScriptBuildPhase;
			buildActionMask = 2147483647;
			files = (
			);
			inputPaths = (
			);
			outputPaths = (
			);
			runOnlyForDeploymentPostprocessing = 0;
			shellPath = /bin/sh;
			shellScript = "# Run the unit tests in this test bundle.\n\"${SYSTEM_DEVELOPER_DIR}/Tools/RunUnitTests\"\n";
		};
/* End PBXShellScriptBuildPhase section */

/* Begin PBXSourcesBuildPhase section */
		DDBC50D116687C0500B9AFBF /* Sources */ = {
			isa = PBXSourcesBuildPhase;
			buildActionMask = 2147483647;
			files = (
				DDBC50E616687C0500B9AFBF /* main.m in Sources */,
				DDBC50EA16687C0500B9AFBF /* AppDelegate.m in Sources */,
				DDCDF93A1669DFDB00CCA28C /* RootViewController.m in Sources */,
				DDCDF93E1669DFFA00CCA28C /* AppModel.m in Sources */,
				DDCDF97C166A023800CCA28C /* CameraOverlayView.m in Sources */,
				DDCDF989166A1ECD00CCA28C /* Sniper.xcdatamodeld in Sources */,
				DD5166B2166A935500BA9EC8 /* PhotoObject.m in Sources */,
				DD5166EA166ADC1300BA9EC8 /* LogInViewController.m in Sources */,
				DD51670A166B0DA200BA9EC8 /* UIImage+Scale.m in Sources */,
				DD51670D166B0E7300BA9EC8 /* UIImage+Resize.m in Sources */,
				DD516714166B0EA700BA9EC8 /* UIImage+fixOrientation.m in Sources */,
				DD516715166B0EA700BA9EC8 /* UIImage+Alpha.m in Sources */,
				DD516716166B0EA700BA9EC8 /* UIImage+RoundedCorner.m in Sources */,
				DDC5D20B166C141A00D39E3E /* MissionViewController.m in Sources */,
				DDC5D22D166C3F7D00D39E3E /* AFHTTPClient.m in Sources */,
				DDC5D22E166C3F7D00D39E3E /* AFHTTPRequestOperation.m in Sources */,
				DDC5D22F166C3F7D00D39E3E /* AFImageRequestOperation.m in Sources */,
				DDC5D230166C3F7D00D39E3E /* AFJSONRequestOperation.m in Sources */,
				DDC5D231166C3F7D00D39E3E /* AFNetworkActivityIndicatorManager.m in Sources */,
				DDC5D232166C3F7D00D39E3E /* AFPropertyListRequestOperation.m in Sources */,
				DDC5D233166C3F7D00D39E3E /* AFURLConnectionOperation.m in Sources */,
				DDC5D234166C3F7D00D39E3E /* AFXMLRequestOperation.m in Sources */,
				DDC5D235166C3F7D00D39E3E /* UIImageView+AFNetworking.m in Sources */,
				DDC30E3516EDB82600A005B7 /* HorizontalTableView.m in Sources */,
				DD32D3BA16F1031200E6C5A2 /* SettingsViewController.m in Sources */,
				DD32D3BF16F1033B00E6C5A2 /* ArmoryViewController.m in Sources */,
				DD32D3C416F1036500E6C5A2 /* GamesViewController.m in Sources */,
				DD32D3C916F103A300E6C5A2 /* TargetsViewController.m in Sources */,
				DD32D3D116F104B000E6C5A2 /* EmptyViewController.m in Sources */,
				DD32D3E316F167D200E6C5A2 /* TargetCell.m in Sources */,
				DDC01B4816F2D1E8005E80AB /* Target.m in Sources */,
				DDC01B4B16F2D2D7005E80AB /* Game.m in Sources */,
				DDC01B4E16F2F49F005E80AB /* Player.m in Sources */,
				DDD8980A16F8F5DA004586CD /* Logger.m in Sources */,
				DDD8981216F9075A004586CD /* HorizontalTableViewCell.m in Sources */,
			);
			runOnlyForDeploymentPostprocessing = 0;
		};
		DDBC50F716687C0600B9AFBF /* Sources */ = {
			isa = PBXSourcesBuildPhase;
			buildActionMask = 2147483647;
			files = (
				DDBC510B16687C0600B9AFBF /* SniperTests.m in Sources */,
			);
			runOnlyForDeploymentPostprocessing = 0;
		};
/* End PBXSourcesBuildPhase section */

/* Begin PBXTargetDependency section */
		DDBC510216687C0600B9AFBF /* PBXTargetDependency */ = {
			isa = PBXTargetDependency;
			target = DDBC50D416687C0500B9AFBF /* Sniper */;
			targetProxy = DDBC510116687C0600B9AFBF /* PBXContainerItemProxy */;
		};
/* End PBXTargetDependency section */

/* Begin PBXVariantGroup section */
		DDBC50E216687C0500B9AFBF /* InfoPlist.strings */ = {
			isa = PBXVariantGroup;
			children = (
				DDBC50E316687C0500B9AFBF /* en */,
			);
			name = InfoPlist.strings;
			sourceTree = "<group>";
		};
		DDBC510616687C0600B9AFBF /* InfoPlist.strings */ = {
			isa = PBXVariantGroup;
			children = (
				DDBC510716687C0600B9AFBF /* en */,
			);
			name = InfoPlist.strings;
			sourceTree = "<group>";
		};
/* End PBXVariantGroup section */

/* Begin XCBuildConfiguration section */
		DDBC510C16687C0600B9AFBF /* Debug */ = {
			isa = XCBuildConfiguration;
			buildSettings = {
				ALWAYS_SEARCH_USER_PATHS = NO;
				CLANG_CXX_LANGUAGE_STANDARD = "gnu++0x";
				CLANG_CXX_LIBRARY = "libc++";
				CLANG_ENABLE_OBJC_ARC = YES;
				CLANG_WARN_EMPTY_BODY = YES;
				CLANG_WARN__DUPLICATE_METHOD_MATCH = YES;
				"CODE_SIGN_IDENTITY[sdk=iphoneos*]" = "iPhone Developer";
				COPY_PHASE_STRIP = NO;
				GCC_C_LANGUAGE_STANDARD = gnu99;
				GCC_DYNAMIC_NO_PIC = NO;
				GCC_OPTIMIZATION_LEVEL = 0;
				GCC_PREPROCESSOR_DEFINITIONS = (
					"DEBUG=1",
					"$(inherited)",
				);
				GCC_SYMBOLS_PRIVATE_EXTERN = NO;
				GCC_WARN_ABOUT_RETURN_TYPE = YES;
				GCC_WARN_UNINITIALIZED_AUTOS = YES;
				GCC_WARN_UNUSED_VARIABLE = YES;
				IPHONEOS_DEPLOYMENT_TARGET = 5.0;
				SDKROOT = iphoneos;
			};
			name = Debug;
		};
		DDBC510D16687C0600B9AFBF /* Release */ = {
			isa = XCBuildConfiguration;
			buildSettings = {
				ALWAYS_SEARCH_USER_PATHS = NO;
				CLANG_CXX_LANGUAGE_STANDARD = "gnu++0x";
				CLANG_CXX_LIBRARY = "libc++";
				CLANG_ENABLE_OBJC_ARC = YES;
				CLANG_WARN_EMPTY_BODY = YES;
				CLANG_WARN__DUPLICATE_METHOD_MATCH = YES;
				"CODE_SIGN_IDENTITY[sdk=iphoneos*]" = "iPhone Developer";
				COPY_PHASE_STRIP = YES;
				GCC_C_LANGUAGE_STANDARD = gnu99;
				GCC_WARN_ABOUT_RETURN_TYPE = YES;
				GCC_WARN_UNINITIALIZED_AUTOS = YES;
				GCC_WARN_UNUSED_VARIABLE = YES;
				IPHONEOS_DEPLOYMENT_TARGET = 5.0;
				OTHER_CFLAGS = "-DNS_BLOCK_ASSERTIONS=1";
				SDKROOT = iphoneos;
				VALIDATE_PRODUCT = YES;
			};
			name = Release;
		};
		DDBC510F16687C0600B9AFBF /* Debug */ = {
			isa = XCBuildConfiguration;
			buildSettings = {
				GCC_PRECOMPILE_PREFIX_HEADER = YES;
				GCC_PREFIX_HEADER = "Sniper/Sniper-Prefix.pch";
				INFOPLIST_FILE = "Sniper/Sniper-Info.plist";
				IPHONEOS_DEPLOYMENT_TARGET = 5.0;
				PRODUCT_NAME = "$(TARGET_NAME)";
				WRAPPER_EXTENSION = app;
			};
			name = Debug;
		};
		DDBC511016687C0600B9AFBF /* Release */ = {
			isa = XCBuildConfiguration;
			buildSettings = {
				GCC_PRECOMPILE_PREFIX_HEADER = YES;
				GCC_PREFIX_HEADER = "Sniper/Sniper-Prefix.pch";
				INFOPLIST_FILE = "Sniper/Sniper-Info.plist";
				IPHONEOS_DEPLOYMENT_TARGET = 5.0;
				PRODUCT_NAME = "$(TARGET_NAME)";
				WRAPPER_EXTENSION = app;
			};
			name = Release;
		};
		DDBC511216687C0600B9AFBF /* Debug */ = {
			isa = XCBuildConfiguration;
			buildSettings = {
				BUNDLE_LOADER = "$(BUILT_PRODUCTS_DIR)/Sniper.app/Sniper";
				FRAMEWORK_SEARCH_PATHS = (
					"\"$(SDKROOT)/Developer/Library/Frameworks\"",
					"\"$(DEVELOPER_LIBRARY_DIR)/Frameworks\"",
				);
				GCC_PRECOMPILE_PREFIX_HEADER = YES;
				GCC_PREFIX_HEADER = "Sniper/Sniper-Prefix.pch";
				INFOPLIST_FILE = "SniperTests/SniperTests-Info.plist";
				PRODUCT_NAME = "$(TARGET_NAME)";
				TEST_HOST = "$(BUNDLE_LOADER)";
				WRAPPER_EXTENSION = octest;
			};
			name = Debug;
		};
		DDBC511316687C0600B9AFBF /* Release */ = {
			isa = XCBuildConfiguration;
			buildSettings = {
				BUNDLE_LOADER = "$(BUILT_PRODUCTS_DIR)/Sniper.app/Sniper";
				FRAMEWORK_SEARCH_PATHS = (
					"\"$(SDKROOT)/Developer/Library/Frameworks\"",
					"\"$(DEVELOPER_LIBRARY_DIR)/Frameworks\"",
				);
				GCC_PRECOMPILE_PREFIX_HEADER = YES;
				GCC_PREFIX_HEADER = "Sniper/Sniper-Prefix.pch";
				INFOPLIST_FILE = "SniperTests/SniperTests-Info.plist";
				PRODUCT_NAME = "$(TARGET_NAME)";
				TEST_HOST = "$(BUNDLE_LOADER)";
				WRAPPER_EXTENSION = octest;
			};
			name = Release;
		};
/* End XCBuildConfiguration section */

/* Begin XCConfigurationList section */
		DDBC50CF16687C0500B9AFBF /* Build configuration list for PBXProject "Sniper" */ = {
			isa = XCConfigurationList;
			buildConfigurations = (
				DDBC510C16687C0600B9AFBF /* Debug */,
				DDBC510D16687C0600B9AFBF /* Release */,
			);
			defaultConfigurationIsVisible = 0;
			defaultConfigurationName = Release;
		};
		DDBC510E16687C0600B9AFBF /* Build configuration list for PBXNativeTarget "Sniper" */ = {
			isa = XCConfigurationList;
			buildConfigurations = (
				DDBC510F16687C0600B9AFBF /* Debug */,
				DDBC511016687C0600B9AFBF /* Release */,
			);
			defaultConfigurationIsVisible = 0;
			defaultConfigurationName = Release;
		};
		DDBC511116687C0600B9AFBF /* Build configuration list for PBXNativeTarget "SniperTests" */ = {
			isa = XCConfigurationList;
			buildConfigurations = (
				DDBC511216687C0600B9AFBF /* Debug */,
				DDBC511316687C0600B9AFBF /* Release */,
			);
			defaultConfigurationIsVisible = 0;
			defaultConfigurationName = Release;
		};
/* End XCConfigurationList section */

/* Begin XCVersionGroup section */
		DDCDF987166A1ECD00CCA28C /* Sniper.xcdatamodeld */ = {
			isa = XCVersionGroup;
			children = (
				DDCDF988166A1ECD00CCA28C /* Sniper.xcdatamodel */,
			);
			currentVersion = DDCDF988166A1ECD00CCA28C /* Sniper.xcdatamodel */;
			name = Sniper.xcdatamodeld;
			path = ../Sniper.xcdatamodeld;
			sourceTree = "<group>";
			versionGroupType = wrapper.xcdatamodel;
		};
/* End XCVersionGroup section */
	};
	rootObject = DDBC50CC16687C0500B9AFBF /* Project object */;
}
